
Microsoft Visual Studio Solution File, Format Version 12.00
# Visual Studio Version 17
VisualStudioVersion = 17.13.35825.156
MinimumVisualStudioVersion = 10.0.40219.1
Project("{FAE04EC0-301F-11D3-BF4B-00C04F79EFBC}") = "BookStore.Api", "BookStore\BookStore.Api.csproj", "{335EB310-18A5-4A6F-BD86-88EF530A4505}"
EndProject
Project("{FAE04EC0-301F-11D3-BF4B-00C04F79EFBC}") = "BookStore.Domain", "BookStore.Domain\BookStore.Domain.csproj", "{90630E64-5BB0-4BEF-A4AE-95E51ED7A982}"
EndProject
Project("{FAE04EC0-301F-11D3-BF4B-00C04F79EFBC}") = "BookStore.Application", "BookStore.Application\BookStore.Application.csproj", "{970E1DE2-2857-4E58-9CAB-2C9B192A82F1}"
EndProject
Project("{FAE04EC0-301F-11D3-BF4B-00C04F79EFBC}") = "BookStore.Infrastructure", "BookStore.Infrastructure\BookStore.Infrastructure.csproj", "{8E8C527A-064D-48DA-A012-BFBF95A79D6B}"
	ProjectSection(ProjectDependencies) = postProject
		{90630E64-5BB0-4BEF-A4AE-95E51ED7A982} = {90630E64-5BB0-4BEF-A4AE-95E51ED7A982}
	EndProjectSection
EndProject
Project("{FAE04EC0-301F-11D3-BF4B-00C04F79EFBC}") = "BookStore.Test", "BookStore.Test\BookStore.Test.csproj", "{23B757B7-7C3A-40C6-BFF4-9F4D76EB45E3}"
EndProject
Global
	GlobalSection(SolutionConfigurationPlatforms) = preSolution
		Debug|Any CPU = Debug|Any CPU
		Release|Any CPU = Release|Any CPU
	EndGlobalSection
	GlobalSection(ProjectConfigurationPlatforms) = postSolution
		{335EB310-18A5-4A6F-BD86-88EF530A4505}.Debug|Any CPU.ActiveCfg = Debug|Any CPU
		{335EB310-18A5-4A6F-BD86-88EF530A4505}.Debug|Any CPU.Build.0 = Debug|Any CPU
		{335EB310-18A5-4A6F-BD86-88EF530A4505}.Release|Any CPU.ActiveCfg = Release|Any CPU
		{335EB310-18A5-4A6F-BD86-88EF530A4505}.Release|Any CPU.Build.0 = Release|Any CPU
		{90630E64-5BB0-4BEF-A4AE-95E51ED7A982}.Debug|Any CPU.ActiveCfg = Debug|Any CPU
		{90630E64-5BB0-4BEF-A4AE-95E51ED7A982}.Debug|Any CPU.Build.0 = Debug|Any CPU
		{90630E64-5BB0-4BEF-A4AE-95E51ED7A982}.Release|Any CPU.ActiveCfg = Release|Any CPU
		{90630E64-5BB0-4BEF-A4AE-95E51ED7A982}.Release|Any CPU.Build.0 = Release|Any CPU
		{970E1DE2-2857-4E58-9CAB-2C9B192A82F1}.Debug|Any CPU.ActiveCfg = Debug|Any CPU
		{970E1DE2-2857-4E58-9CAB-2C9B192A82F1}.Debug|Any CPU.Build.0 = Debug|Any CPU
		{970E1DE2-2857-4E58-9CAB-2C9B192A82F1}.Release|Any CPU.ActiveCfg = Release|Any CPU
		{970E1DE2-2857-4E58-9CAB-2C9B192A82F1}.Release|Any CPU.Build.0 = Release|Any CPU
		{8E8C527A-064D-48DA-A012-BFBF95A79D6B}.Debug|Any CPU.ActiveCfg = Debug|Any CPU
		{8E8C527A-064D-48DA-A012-BFBF95A79D6B}.Debug|Any CPU.Build.0 = Debug|Any CPU
		{8E8C527A-064D-48DA-A012-BFBF95A79D6B}.Release|Any CPU.ActiveCfg = Release|Any CPU
		{8E8C527A-064D-48DA-A012-BFBF95A79D6B}.Release|Any CPU.Build.0 = Release|Any CPU
		{23B757B7-7C3A-40C6-BFF4-9F4D76EB45E3}.Debug|Any CPU.ActiveCfg = Debug|Any CPU
		{23B757B7-7C3A-40C6-BFF4-9F4D76EB45E3}.Debug|Any CPU.Build.0 = Debug|Any CPU
		{23B757B7-7C3A-40C6-BFF4-9F4D76EB45E3}.Release|Any CPU.ActiveCfg = Release|Any CPU
		{23B757B7-7C3A-40C6-BFF4-9F4D76EB45E3}.Release|Any CPU.Build.0 = Release|Any CPU
	EndGlobalSection
	GlobalSection(SolutionProperties) = preSolution
		HideSolutionNode = FALSE
	EndGlobalSection
	GlobalSection(ExtensibilityGlobals) = postSolution
		SolutionGuid = {465BCF9B-5CA5-4FC0-9AC3-1B11D5D05C04}
	EndGlobalSection
EndGlobal
